
Microsoft Visual Studio Solution File, Format Version 12.00
# Visual Studio Version 17
VisualStudioVersion = 17.6.33815.320
MinimumVisualStudioVersion = 10.0.40219.1
Project("{FAE04EC0-301F-11D3-BF4B-00C04F79EFBC}") = "TextovyEditor", "TextovyEditor\TextovyEditor.csproj", "{341CC0E4-D742-4AAA-B53C-722A821A04A2}"
EndProject
Global
	GlobalSection(SolutionConfigurationPlatforms) = preSolution
		Debug|Any CPU = Debug|Any CPU
		Release|Any CPU = Release|Any CPU
	EndGlobalSection
	GlobalSection(ProjectConfigurationPlatforms) = postSolution
		{341CC0E4-D742-4AAA-B53C-722A821A04A2}.Debug|Any CPU.ActiveCfg = Debug|Any CPU
		{341CC0E4-D742-4AAA-B53C-722A821A04A2}.Debug|Any CPU.Build.0 = Debug|Any CPU
		{341CC0E4-D742-4AAA-B53C-722A821A04A2}.Release|Any CPU.ActiveCfg = Release|Any CPU
		{341CC0E4-D742-4AAA-B53C-722A821A04A2}.Release|Any CPU.Build.0 = Release|Any CPU
	EndGlobalSection
	GlobalSection(SolutionProperties) = preSolution
		HideSolutionNode = FALSE
	EndGlobalSection
	GlobalSection(ExtensibilityGlobals) = postSolution
		SolutionGuid = {5D3D79C9-4E38-442D-992B-A0D0724FB5E6}
	EndGlobalSection
EndGlobal
